
Microsoft Visual Studio Solution File, Format Version 12.00
# Visual Studio 2012
Project("{FAE04EC0-301F-11D3-BF4B-00C04F79EFBC}") = "cvmt", "cvmt\cvmt.csproj", "{B0E6B86F-9A4C-4DA7-87A6-F75D34C38C07}"
EndProject
Global
	GlobalSection(SolutionConfigurationPlatforms) = preSolution
		Debug|Any CPU = Debug|Any CPU
		Release|Any CPU = Release|Any CPU
	EndGlobalSection
	GlobalSection(ProjectConfigurationPlatforms) = postSolution
		{B0E6B86F-9A4C-4DA7-87A6-F75D34C38C07}.Debug|Any CPU.ActiveCfg = Debug|Any CPU
		{B0E6B86F-9A4C-4DA7-87A6-F75D34C38C07}.Debug|Any CPU.Build.0 = Debug|Any CPU
		{B0E6B86F-9A4C-4DA7-87A6-F75D34C38C07}.Release|Any CPU.ActiveCfg = Release|Any CPU
		{B0E6B86F-9A4C-4DA7-87A6-F75D34C38C07}.Release|Any CPU.Build.0 = Release|Any CPU
	EndGlobalSection
	GlobalSection(SolutionProperties) = preSolution
		HideSolutionNode = FALSE
	EndGlobalSection
EndGlobal
